// !$*UTF8*$!
{
	archiveVersion = 1;
	classes = {
	};
	objectVersion = 56;
	objects = {

/* Begin PBXBuildFile section */
		EA32C6A42C68FF9000CF9A46 /* ColorManager.swift in Sources */ = {isa = PBXBuildFile; fileRef = EA32C6A32C68FF9000CF9A46 /* ColorManager.swift */; };
		EA32C6A62C69003E00CF9A46 /* BaseApi.swift in Sources */ = {isa = PBXBuildFile; fileRef = EA32C6A52C69003E00CF9A46 /* BaseApi.swift */; };
		EA32C6A82C6901B800CF9A46 /* DateFormatterUtils.swift in Sources */ = {isa = PBXBuildFile; fileRef = EA32C6A72C6901B800CF9A46 /* DateFormatterUtils.swift */; };
		EA32C6AB2C6904D700CF9A46 /* ConversionApiResponse.swift in Sources */ = {isa = PBXBuildFile; fileRef = EA32C6AA2C6904D700CF9A46 /* ConversionApiResponse.swift */; };
		EA32C6AD2C6904F800CF9A46 /* TimeSeriesApiResponse.swift in Sources */ = {isa = PBXBuildFile; fileRef = EA32C6AC2C6904F800CF9A46 /* TimeSeriesApiResponse.swift */; };
		EA32C6AF2C69050500CF9A46 /* FormValue.swift in Sources */ = {isa = PBXBuildFile; fileRef = EA32C6AE2C69050500CF9A46 /* FormValue.swift */; };
		EA32C6B22C6906D400CF9A46 /* AuthViewModel.swift in Sources */ = {isa = PBXBuildFile; fileRef = EA32C6B12C6906D400CF9A46 /* AuthViewModel.swift */; };
		EA32C6B82C690EB400CF9A46 /* GoogleService-Info.plist in Resources */ = {isa = PBXBuildFile; fileRef = EA32C6B72C690EB400CF9A46 /* GoogleService-Info.plist */; };
		EA32C6BC2C69130700CF9A46 /* FirebaseAppCheck in Frameworks */ = {isa = PBXBuildFile; productRef = EA32C6BB2C69130700CF9A46 /* FirebaseAppCheck */; };
		EA32C6BE2C69130700CF9A46 /* FirebaseAuth in Frameworks */ = {isa = PBXBuildFile; productRef = EA32C6BD2C69130700CF9A46 /* FirebaseAuth */; };
		EA32C6C12C692E1500CF9A46 /* LoginView.swift in Sources */ = {isa = PBXBuildFile; fileRef = EA32C6C02C692E1500CF9A46 /* LoginView.swift */; };
		EA32C6C32C692FCB00CF9A46 /* Color.xcassets in Resources */ = {isa = PBXBuildFile; fileRef = EA32C6C22C692FCB00CF9A46 /* Color.xcassets */; };
		EA32C6C62C69324B00CF9A46 /* Spinner.swift in Sources */ = {isa = PBXBuildFile; fileRef = EA32C6C52C69324B00CF9A46 /* Spinner.swift */; };
		EA32C6C82C69340600CF9A46 /* Validate.swift in Sources */ = {isa = PBXBuildFile; fileRef = EA32C6C72C69340600CF9A46 /* Validate.swift */; };
		EA32C6CA2C693D9C00CF9A46 /* RegisterView.swift in Sources */ = {isa = PBXBuildFile; fileRef = EA32C6C92C693D9C00CF9A46 /* RegisterView.swift */; };
		EA32C6CC2C69458600CF9A46 /* ResetPasswordView.swift in Sources */ = {isa = PBXBuildFile; fileRef = EA32C6CB2C69458600CF9A46 /* ResetPasswordView.swift */; };
		EA32C6CE2C6981BF00CF9A46 /* ConversionViewModel.swift in Sources */ = {isa = PBXBuildFile; fileRef = EA32C6CD2C6981BF00CF9A46 /* ConversionViewModel.swift */; };
		EA5D86CE2C2F766400B7291E /* exchange_rate_app_swiftApp.swift in Sources */ = {isa = PBXBuildFile; fileRef = EA5D86CD2C2F766400B7291E /* exchange_rate_app_swiftApp.swift */; };
		EA5D86D02C2F766400B7291E /* ContentView.swift in Sources */ = {isa = PBXBuildFile; fileRef = EA5D86CF2C2F766400B7291E /* ContentView.swift */; };
		EA5D86D22C2F766500B7291E /* Assets.xcassets in Resources */ = {isa = PBXBuildFile; fileRef = EA5D86D12C2F766500B7291E /* Assets.xcassets */; };
		EA5D86D52C2F766500B7291E /* Preview Assets.xcassets in Resources */ = {isa = PBXBuildFile; fileRef = EA5D86D42C2F766500B7291E /* Preview Assets.xcassets */; };
		EA5D86DF2C2F766600B7291E /* exchange_rate_app_swiftTests.swift in Sources */ = {isa = PBXBuildFile; fileRef = EA5D86DE2C2F766600B7291E /* exchange_rate_app_swiftTests.swift */; };
		EA5D86E92C2F766600B7291E /* exchange_rate_app_swiftUITests.swift in Sources */ = {isa = PBXBuildFile; fileRef = EA5D86E82C2F766600B7291E /* exchange_rate_app_swiftUITests.swift */; };
		EA5D86EB2C2F766600B7291E /* exchange_rate_app_swiftUITestsLaunchTests.swift in Sources */ = {isa = PBXBuildFile; fileRef = EA5D86EA2C2F766600B7291E /* exchange_rate_app_swiftUITestsLaunchTests.swift */; };
/* End PBXBuildFile section */

/* Begin PBXContainerItemProxy section */
		EA5D86DB2C2F766600B7291E /* PBXContainerItemProxy */ = {
			isa = PBXContainerItemProxy;
			containerPortal = EA5D86C22C2F766400B7291E /* Project object */;
			proxyType = 1;
			remoteGlobalIDString = EA5D86C92C2F766400B7291E;
			remoteInfo = exchange_rate_app_swift;
		};
		EA5D86E52C2F766600B7291E /* PBXContainerItemProxy */ = {
			isa = PBXContainerItemProxy;
			containerPortal = EA5D86C22C2F766400B7291E /* Project object */;
			proxyType = 1;
			remoteGlobalIDString = EA5D86C92C2F766400B7291E;
			remoteInfo = exchange_rate_app_swift;
		};
/* End PBXContainerItemProxy section */

/* Begin PBXFileReference section */
		EA32C6A32C68FF9000CF9A46 /* ColorManager.swift */ = {isa = PBXFileReference; lastKnownFileType = sourcecode.swift; path = ColorManager.swift; sourceTree = "<group>"; };
		EA32C6A52C69003E00CF9A46 /* BaseApi.swift */ = {isa = PBXFileReference; lastKnownFileType = sourcecode.swift; path = BaseApi.swift; sourceTree = "<group>"; };
		EA32C6A72C6901B800CF9A46 /* DateFormatterUtils.swift */ = {isa = PBXFileReference; lastKnownFileType = sourcecode.swift; path = DateFormatterUtils.swift; sourceTree = "<group>"; };
		EA32C6AA2C6904D700CF9A46 /* ConversionApiResponse.swift */ = {isa = PBXFileReference; lastKnownFileType = sourcecode.swift; path = ConversionApiResponse.swift; sourceTree = "<group>"; };
		EA32C6AC2C6904F800CF9A46 /* TimeSeriesApiResponse.swift */ = {isa = PBXFileReference; lastKnownFileType = sourcecode.swift; path = TimeSeriesApiResponse.swift; sourceTree = "<group>"; };
		EA32C6AE2C69050500CF9A46 /* FormValue.swift */ = {isa = PBXFileReference; lastKnownFileType = sourcecode.swift; path = FormValue.swift; sourceTree = "<group>"; };
		EA32C6B12C6906D400CF9A46 /* AuthViewModel.swift */ = {isa = PBXFileReference; lastKnownFileType = sourcecode.swift; path = AuthViewModel.swift; sourceTree = "<group>"; };
		EA32C6B72C690EB400CF9A46 /* GoogleService-Info.plist */ = {isa = PBXFileReference; fileEncoding = 4; lastKnownFileType = text.plist.xml; name = "GoogleService-Info.plist"; path = "../../../Downloads/GoogleService-Info.plist"; sourceTree = "<group>"; };
		EA32C6C02C692E1500CF9A46 /* LoginView.swift */ = {isa = PBXFileReference; lastKnownFileType = sourcecode.swift; path = LoginView.swift; sourceTree = "<group>"; };
		EA32C6C22C692FCB00CF9A46 /* Color.xcassets */ = {isa = PBXFileReference; lastKnownFileType = folder.assetcatalog; path = Color.xcassets; sourceTree = "<group>"; };
		EA32C6C52C69324B00CF9A46 /* Spinner.swift */ = {isa = PBXFileReference; lastKnownFileType = sourcecode.swift; path = Spinner.swift; sourceTree = "<group>"; };
		EA32C6C72C69340600CF9A46 /* Validate.swift */ = {isa = PBXFileReference; lastKnownFileType = sourcecode.swift; path = Validate.swift; sourceTree = "<group>"; };
		EA32C6C92C693D9C00CF9A46 /* RegisterView.swift */ = {isa = PBXFileReference; lastKnownFileType = sourcecode.swift; path = RegisterView.swift; sourceTree = "<group>"; };
		EA32C6CB2C69458600CF9A46 /* ResetPasswordView.swift */ = {isa = PBXFileReference; lastKnownFileType = sourcecode.swift; path = ResetPasswordView.swift; sourceTree = "<group>"; };
		EA32C6CD2C6981BF00CF9A46 /* ConversionViewModel.swift */ = {isa = PBXFileReference; lastKnownFileType = sourcecode.swift; path = ConversionViewModel.swift; sourceTree = "<group>"; };
		EA5D86CA2C2F766400B7291E /* exchange_rate_app_swift.app */ = {isa = PBXFileReference; explicitFileType = wrapper.application; includeInIndex = 0; path = exchange_rate_app_swift.app; sourceTree = BUILT_PRODUCTS_DIR; };
		EA5D86CD2C2F766400B7291E /* exchange_rate_app_swiftApp.swift */ = {isa = PBXFileReference; lastKnownFileType = sourcecode.swift; path = exchange_rate_app_swiftApp.swift; sourceTree = "<group>"; };
		EA5D86CF2C2F766400B7291E /* ContentView.swift */ = {isa = PBXFileReference; lastKnownFileType = sourcecode.swift; path = ContentView.swift; sourceTree = "<group>"; };
		EA5D86D12C2F766500B7291E /* Assets.xcassets */ = {isa = PBXFileReference; lastKnownFileType = folder.assetcatalog; path = Assets.xcassets; sourceTree = "<group>"; };
		EA5D86D42C2F766500B7291E /* Preview Assets.xcassets */ = {isa = PBXFileReference; lastKnownFileType = folder.assetcatalog; path = "Preview Assets.xcassets"; sourceTree = "<group>"; };
		EA5D86DA2C2F766600B7291E /* exchange_rate_app_swiftTests.xctest */ = {isa = PBXFileReference; explicitFileType = wrapper.cfbundle; includeInIndex = 0; path = exchange_rate_app_swiftTests.xctest; sourceTree = BUILT_PRODUCTS_DIR; };
		EA5D86DE2C2F766600B7291E /* exchange_rate_app_swiftTests.swift */ = {isa = PBXFileReference; lastKnownFileType = sourcecode.swift; path = exchange_rate_app_swiftTests.swift; sourceTree = "<group>"; };
		EA5D86E42C2F766600B7291E /* exchange_rate_app_swiftUITests.xctest */ = {isa = PBXFileReference; explicitFileType = wrapper.cfbundle; includeInIndex = 0; path = exchange_rate_app_swiftUITests.xctest; sourceTree = BUILT_PRODUCTS_DIR; };
		EA5D86E82C2F766600B7291E /* exchange_rate_app_swiftUITests.swift */ = {isa = PBXFileReference; lastKnownFileType = sourcecode.swift; path = exchange_rate_app_swiftUITests.swift; sourceTree = "<group>"; };
		EA5D86EA2C2F766600B7291E /* exchange_rate_app_swiftUITestsLaunchTests.swift */ = {isa = PBXFileReference; lastKnownFileType = sourcecode.swift; path = exchange_rate_app_swiftUITestsLaunchTests.swift; sourceTree = "<group>"; };
/* End PBXFileReference section */

/* Begin PBXFrameworksBuildPhase section */
		EA5D86C72C2F766400B7291E /* Frameworks */ = {
			isa = PBXFrameworksBuildPhase;
			buildActionMask = 2147483647;
			files = (
				EA32C6BC2C69130700CF9A46 /* FirebaseAppCheck in Frameworks */,
				EA32C6BE2C69130700CF9A46 /* FirebaseAuth in Frameworks */,
			);
			runOnlyForDeploymentPostprocessing = 0;
		};
		EA5D86D72C2F766600B7291E /* Frameworks */ = {
			isa = PBXFrameworksBuildPhase;
			buildActionMask = 2147483647;
			files = (
			);
			runOnlyForDeploymentPostprocessing = 0;
		};
		EA5D86E12C2F766600B7291E /* Frameworks */ = {
			isa = PBXFrameworksBuildPhase;
			buildActionMask = 2147483647;
			files = (
			);
			runOnlyForDeploymentPostprocessing = 0;
		};
/* End PBXFrameworksBuildPhase section */

/* Begin PBXGroup section */
		EA32C6A22C68FE7000CF9A46 /* utils */ = {
			isa = PBXGroup;
			children = (
				EA32C6A32C68FF9000CF9A46 /* ColorManager.swift */,
				EA32C6A52C69003E00CF9A46 /* BaseApi.swift */,
				EA32C6A72C6901B800CF9A46 /* DateFormatterUtils.swift */,
			);
			path = utils;
			sourceTree = "<group>";
		};
		EA32C6A92C6904B500CF9A46 /* model */ = {
			isa = PBXGroup;
			children = (
				EA32C6AA2C6904D700CF9A46 /* ConversionApiResponse.swift */,
				EA32C6AC2C6904F800CF9A46 /* TimeSeriesApiResponse.swift */,
				EA32C6AE2C69050500CF9A46 /* FormValue.swift */,
			);
			path = model;
			sourceTree = "<group>";
		};
		EA32C6B02C69069300CF9A46 /* ViewModel */ = {
			isa = PBXGroup;
			children = (
				EA32C6B12C6906D400CF9A46 /* AuthViewModel.swift */,
				EA32C6CD2C6981BF00CF9A46 /* ConversionViewModel.swift */,
			);
			path = ViewModel;
			sourceTree = "<group>";
		};
		EA32C6BA2C69128700CF9A46 /* Frameworks */ = {
			isa = PBXGroup;
			children = (
			);
			name = Frameworks;
			sourceTree = "<group>";
		};
		EA32C6BF2C692DCD00CF9A46 /* View */ = {
			isa = PBXGroup;
			children = (
				EA32C6C02C692E1500CF9A46 /* LoginView.swift */,
				EA32C6C92C693D9C00CF9A46 /* RegisterView.swift */,
				EA32C6CB2C69458600CF9A46 /* ResetPasswordView.swift */,
			);
			path = View;
			sourceTree = "<group>";
		};
		EA32C6C42C69323100CF9A46 /* Component */ = {
			isa = PBXGroup;
			children = (
				EA32C6C52C69324B00CF9A46 /* Spinner.swift */,
				EA32C6C72C69340600CF9A46 /* Validate.swift */,
			);
			path = Component;
			sourceTree = "<group>";
		};
		EA5D86C12C2F766400B7291E = {
			isa = PBXGroup;
			children = (
				EA5D86CC2C2F766400B7291E /* exchange_rate_app_swift */,
				EA5D86DD2C2F766600B7291E /* exchange_rate_app_swiftTests */,
				EA5D86E72C2F766600B7291E /* exchange_rate_app_swiftUITests */,
				EA5D86CB2C2F766400B7291E /* Products */,
				EA32C6BA2C69128700CF9A46 /* Frameworks */,
			);
			sourceTree = "<group>";
		};
		EA5D86CB2C2F766400B7291E /* Products */ = {
			isa = PBXGroup;
			children = (
				EA5D86CA2C2F766400B7291E /* exchange_rate_app_swift.app */,
				EA5D86DA2C2F766600B7291E /* exchange_rate_app_swiftTests.xctest */,
				EA5D86E42C2F766600B7291E /* exchange_rate_app_swiftUITests.xctest */,
			);
			name = Products;
			sourceTree = "<group>";
		};
		EA5D86CC2C2F766400B7291E /* exchange_rate_app_swift */ = {
			isa = PBXGroup;
			children = (
				EA32C6C42C69323100CF9A46 /* Component */,
				EA32C6BF2C692DCD00CF9A46 /* View */,
				EA32C6B72C690EB400CF9A46 /* GoogleService-Info.plist */,
				EA32C6B02C69069300CF9A46 /* ViewModel */,
				EA32C6A92C6904B500CF9A46 /* model */,
				EA32C6A22C68FE7000CF9A46 /* utils */,
				EA5D86CD2C2F766400B7291E /* exchange_rate_app_swiftApp.swift */,
				EA5D86CF2C2F766400B7291E /* ContentView.swift */,
				EA5D86D12C2F766500B7291E /* Assets.xcassets */,
				EA5D86D32C2F766500B7291E /* Preview Content */,
				EA32C6C22C692FCB00CF9A46 /* Color.xcassets */,
			);
			path = exchange_rate_app_swift;
			sourceTree = "<group>";
		};
		EA5D86D32C2F766500B7291E /* Preview Content */ = {
			isa = PBXGroup;
			children = (
				EA5D86D42C2F766500B7291E /* Preview Assets.xcassets */,
			);
			path = "Preview Content";
			sourceTree = "<group>";
		};
		EA5D86DD2C2F766600B7291E /* exchange_rate_app_swiftTests */ = {
			isa = PBXGroup;
			children = (
				EA5D86DE2C2F766600B7291E /* exchange_rate_app_swiftTests.swift */,
			);
			path = exchange_rate_app_swiftTests;
			sourceTree = "<group>";
		};
		EA5D86E72C2F766600B7291E /* exchange_rate_app_swiftUITests */ = {
			isa = PBXGroup;
			children = (
				EA5D86E82C2F766600B7291E /* exchange_rate_app_swiftUITests.swift */,
				EA5D86EA2C2F766600B7291E /* exchange_rate_app_swiftUITestsLaunchTests.swift */,
			);
			path = exchange_rate_app_swiftUITests;
			sourceTree = "<group>";
		};
/* End PBXGroup section */

/* Begin PBXNativeTarget section */
		EA5D86C92C2F766400B7291E /* exchange_rate_app_swift */ = {
			isa = PBXNativeTarget;
			buildConfigurationList = EA5D86EE2C2F766600B7291E /* Build configuration list for PBXNativeTarget "exchange_rate_app_swift" */;
			buildPhases = (
				EA5D86C62C2F766400B7291E /* Sources */,
				EA5D86C72C2F766400B7291E /* Frameworks */,
				EA5D86C82C2F766400B7291E /* Resources */,
			);
			buildRules = (
			);
			dependencies = (
			);
			name = exchange_rate_app_swift;
			packageProductDependencies = (
				EA32C6BB2C69130700CF9A46 /* FirebaseAppCheck */,
				EA32C6BD2C69130700CF9A46 /* FirebaseAuth */,
			);
			productName = exchange_rate_app_swift;
			productReference = EA5D86CA2C2F766400B7291E /* exchange_rate_app_swift.app */;
			productType = "com.apple.product-type.application";
		};
		EA5D86D92C2F766600B7291E /* exchange_rate_app_swiftTests */ = {
			isa = PBXNativeTarget;
			buildConfigurationList = EA5D86F12C2F766600B7291E /* Build configuration list for PBXNativeTarget "exchange_rate_app_swiftTests" */;
			buildPhases = (
				EA5D86D62C2F766600B7291E /* Sources */,
				EA5D86D72C2F766600B7291E /* Frameworks */,
				EA5D86D82C2F766600B7291E /* Resources */,
			);
			buildRules = (
			);
			dependencies = (
				EA5D86DC2C2F766600B7291E /* PBXTargetDependency */,
			);
			name = exchange_rate_app_swiftTests;
			productName = exchange_rate_app_swiftTests;
			productReference = EA5D86DA2C2F766600B7291E /* exchange_rate_app_swiftTests.xctest */;
			productType = "com.apple.product-type.bundle.unit-test";
		};
		EA5D86E32C2F766600B7291E /* exchange_rate_app_swiftUITests */ = {
			isa = PBXNativeTarget;
			buildConfigurationList = EA5D86F42C2F766600B7291E /* Build configuration list for PBXNativeTarget "exchange_rate_app_swiftUITests" */;
			buildPhases = (
				EA5D86E02C2F766600B7291E /* Sources */,
				EA5D86E12C2F766600B7291E /* Frameworks */,
				EA5D86E22C2F766600B7291E /* Resources */,
			);
			buildRules = (
			);
			dependencies = (
				EA5D86E62C2F766600B7291E /* PBXTargetDependency */,
			);
			name = exchange_rate_app_swiftUITests;
			productName = exchange_rate_app_swiftUITests;
			productReference = EA5D86E42C2F766600B7291E /* exchange_rate_app_swiftUITests.xctest */;
			productType = "com.apple.product-type.bundle.ui-testing";
		};
/* End PBXNativeTarget section */

/* Begin PBXProject section */
		EA5D86C22C2F766400B7291E /* Project object */ = {
			isa = PBXProject;
			attributes = {
				BuildIndependentTargetsInParallel = 1;
				LastSwiftUpdateCheck = 1500;
				LastUpgradeCheck = 1500;
				TargetAttributes = {
					EA5D86C92C2F766400B7291E = {
						CreatedOnToolsVersion = 15.0;
					};
					EA5D86D92C2F766600B7291E = {
						CreatedOnToolsVersion = 15.0;
						TestTargetID = EA5D86C92C2F766400B7291E;
					};
					EA5D86E32C2F766600B7291E = {
						CreatedOnToolsVersion = 15.0;
						TestTargetID = EA5D86C92C2F766400B7291E;
					};
				};
			};
			buildConfigurationList = EA5D86C52C2F766400B7291E /* Build configuration list for PBXProject "exchange_rate_app_swift" */;
			compatibilityVersion = "Xcode 14.0";
			developmentRegion = en;
			hasScannedForEncodings = 0;
			knownRegions = (
				en,
				Base,
			);
			mainGroup = EA5D86C12C2F766400B7291E;
			packageReferences = (
				EA32C6B92C690F7200CF9A46 /* XCRemoteSwiftPackageReference "firebase-ios-sdk" */,
			);
			productRefGroup = EA5D86CB2C2F766400B7291E /* Products */;
			projectDirPath = "";
			projectRoot = "";
			targets = (
				EA5D86C92C2F766400B7291E /* exchange_rate_app_swift */,
				EA5D86D92C2F766600B7291E /* exchange_rate_app_swiftTests */,
				EA5D86E32C2F766600B7291E /* exchange_rate_app_swiftUITests */,
			);
		};
/* End PBXProject section */

/* Begin PBXResourcesBuildPhase section */
		EA5D86C82C2F766400B7291E /* Resources */ = {
			isa = PBXResourcesBuildPhase;
			buildActionMask = 2147483647;
			files = (
				EA5D86D52C2F766500B7291E /* Preview Assets.xcassets in Resources */,
				EA32C6C32C692FCB00CF9A46 /* Color.xcassets in Resources */,
				EA5D86D22C2F766500B7291E /* Assets.xcassets in Resources */,
				EA32C6B82C690EB400CF9A46 /* GoogleService-Info.plist in Resources */,
			);
			runOnlyForDeploymentPostprocessing = 0;
		};
		EA5D86D82C2F766600B7291E /* Resources */ = {
			isa = PBXResourcesBuildPhase;
			buildActionMask = 2147483647;
			files = (
			);
			runOnlyForDeploymentPostprocessing = 0;
		};
		EA5D86E22C2F766600B7291E /* Resources */ = {
			isa = PBXResourcesBuildPhase;
			buildActionMask = 2147483647;
			files = (
			);
			runOnlyForDeploymentPostprocessing = 0;
		};
/* End PBXResourcesBuildPhase section */

/* Begin PBXSourcesBuildPhase section */
		EA5D86C62C2F766400B7291E /* Sources */ = {
			isa = PBXSourcesBuildPhase;
			buildActionMask = 2147483647;
			files = (
				EA32C6C62C69324B00CF9A46 /* Spinner.swift in Sources */,
				EA32C6A42C68FF9000CF9A46 /* ColorManager.swift in Sources */,
				EA32C6CE2C6981BF00CF9A46 /* ConversionViewModel.swift in Sources */,
				EA32C6CA2C693D9C00CF9A46 /* RegisterView.swift in Sources */,
				EA32C6CC2C69458600CF9A46 /* ResetPasswordView.swift in Sources */,
				EA32C6AB2C6904D700CF9A46 /* ConversionApiResponse.swift in Sources */,
				EA32C6C82C69340600CF9A46 /* Validate.swift in Sources */,
				EA32C6A82C6901B800CF9A46 /* DateFormatterUtils.swift in Sources */,
				EA32C6AF2C69050500CF9A46 /* FormValue.swift in Sources */,
				EA32C6A62C69003E00CF9A46 /* BaseApi.swift in Sources */,
				EA32C6AD2C6904F800CF9A46 /* TimeSeriesApiResponse.swift in Sources */,
				EA5D86D02C2F766400B7291E /* ContentView.swift in Sources */,
				EA5D86CE2C2F766400B7291E /* exchange_rate_app_swiftApp.swift in Sources */,
				EA32C6C12C692E1500CF9A46 /* LoginView.swift in Sources */,
				EA32C6B22C6906D400CF9A46 /* AuthViewModel.swift in Sources */,
			);
			runOnlyForDeploymentPostprocessing = 0;
		};
		EA5D86D62C2F766600B7291E /* Sources */ = {
			isa = PBXSourcesBuildPhase;
			buildActionMask = 2147483647;
			files = (
				EA5D86DF2C2F766600B7291E /* exchange_rate_app_swiftTests.swift in Sources */,
			);
			runOnlyForDeploymentPostprocessing = 0;
		};
		EA5D86E02C2F766600B7291E /* Sources */ = {
			isa = PBXSourcesBuildPhase;
			buildActionMask = 2147483647;
			files = (
				EA5D86E92C2F766600B7291E /* exchange_rate_app_swiftUITests.swift in Sources */,
				EA5D86EB2C2F766600B7291E /* exchange_rate_app_swiftUITestsLaunchTests.swift in Sources */,
			);
			runOnlyForDeploymentPostprocessing = 0;
		};
/* End PBXSourcesBuildPhase section */

/* Begin PBXTargetDependency section */
		EA5D86DC2C2F766600B7291E /* PBXTargetDependency */ = {
			isa = PBXTargetDependency;
			target = EA5D86C92C2F766400B7291E /* exchange_rate_app_swift */;
			targetProxy = EA5D86DB2C2F766600B7291E /* PBXContainerItemProxy */;
		};
		EA5D86E62C2F766600B7291E /* PBXTargetDependency */ = {
			isa = PBXTargetDependency;
			target = EA5D86C92C2F766400B7291E /* exchange_rate_app_swift */;
			targetProxy = EA5D86E52C2F766600B7291E /* PBXContainerItemProxy */;
		};
/* End PBXTargetDependency section */

/* Begin XCBuildConfiguration section */
		EA5D86EC2C2F766600B7291E /* Debug */ = {
			isa = XCBuildConfiguration;
			buildSettings = {
				ALWAYS_SEARCH_USER_PATHS = NO;
				ASSETCATALOG_COMPILER_GENERATE_SWIFT_ASSET_SYMBOL_EXTENSIONS = YES;
				CLANG_ANALYZER_NONNULL = YES;
				CLANG_ANALYZER_NUMBER_OBJECT_CONVERSION = YES_AGGRESSIVE;
				CLANG_CXX_LANGUAGE_STANDARD = "gnu++20";
				CLANG_ENABLE_MODULES = YES;
				CLANG_ENABLE_OBJC_ARC = YES;
				CLANG_ENABLE_OBJC_WEAK = YES;
				CLANG_WARN_BLOCK_CAPTURE_AUTORELEASING = YES;
				CLANG_WARN_BOOL_CONVERSION = YES;
				CLANG_WARN_COMMA = YES;
				CLANG_WARN_CONSTANT_CONVERSION = YES;
				CLANG_WARN_DEPRECATED_OBJC_IMPLEMENTATIONS = YES;
				CLANG_WARN_DIRECT_OBJC_ISA_USAGE = YES_ERROR;
				CLANG_WARN_DOCUMENTATION_COMMENTS = YES;
				CLANG_WARN_EMPTY_BODY = YES;
				CLANG_WARN_ENUM_CONVERSION = YES;
				CLANG_WARN_INFINITE_RECURSION = YES;
				CLANG_WARN_INT_CONVERSION = YES;
				CLANG_WARN_NON_LITERAL_NULL_CONVERSION = YES;
				CLANG_WARN_OBJC_IMPLICIT_RETAIN_SELF = YES;
				CLANG_WARN_OBJC_LITERAL_CONVERSION = YES;
				CLANG_WARN_OBJC_ROOT_CLASS = YES_ERROR;
				CLANG_WARN_QUOTED_INCLUDE_IN_FRAMEWORK_HEADER = YES;
				CLANG_WARN_RANGE_LOOP_ANALYSIS = YES;
				CLANG_WARN_STRICT_PROTOTYPES = YES;
				CLANG_WARN_SUSPICIOUS_MOVE = YES;
				CLANG_WARN_UNGUARDED_AVAILABILITY = YES_AGGRESSIVE;
				CLANG_WARN_UNREACHABLE_CODE = YES;
				CLANG_WARN__DUPLICATE_METHOD_MATCH = YES;
				COPY_PHASE_STRIP = NO;
				DEBUG_INFORMATION_FORMAT = dwarf;
				ENABLE_STRICT_OBJC_MSGSEND = YES;
				ENABLE_TESTABILITY = YES;
				ENABLE_USER_SCRIPT_SANDBOXING = YES;
				GCC_C_LANGUAGE_STANDARD = gnu17;
				GCC_DYNAMIC_NO_PIC = NO;
				GCC_NO_COMMON_BLOCKS = YES;
				GCC_OPTIMIZATION_LEVEL = 0;
				GCC_PREPROCESSOR_DEFINITIONS = (
					"DEBUG=1",
					"$(inherited)",
				);
				GCC_WARN_64_TO_32_BIT_CONVERSION = YES;
				GCC_WARN_ABOUT_RETURN_TYPE = YES_ERROR;
				GCC_WARN_UNDECLARED_SELECTOR = YES;
				GCC_WARN_UNINITIALIZED_AUTOS = YES_AGGRESSIVE;
				GCC_WARN_UNUSED_FUNCTION = YES;
				GCC_WARN_UNUSED_VARIABLE = YES;
				IPHONEOS_DEPLOYMENT_TARGET = 17.0;
				LOCALIZATION_PREFERS_STRING_CATALOGS = YES;
				MTL_ENABLE_DEBUG_INFO = INCLUDE_SOURCE;
				MTL_FAST_MATH = YES;
				ONLY_ACTIVE_ARCH = YES;
				SDKROOT = iphoneos;
				SWIFT_ACTIVE_COMPILATION_CONDITIONS = "DEBUG $(inherited)";
				SWIFT_OPTIMIZATION_LEVEL = "-Onone";
			};
			name = Debug;
		};
		EA5D86ED2C2F766600B7291E /* Release */ = {
			isa = XCBuildConfiguration;
			buildSettings = {
				ALWAYS_SEARCH_USER_PATHS = NO;
				ASSETCATALOG_COMPILER_GENERATE_SWIFT_ASSET_SYMBOL_EXTENSIONS = YES;
				CLANG_ANALYZER_NONNULL = YES;
				CLANG_ANALYZER_NUMBER_OBJECT_CONVERSION = YES_AGGRESSIVE;
				CLANG_CXX_LANGUAGE_STANDARD = "gnu++20";
				CLANG_ENABLE_MODULES = YES;
				CLANG_ENABLE_OBJC_ARC = YES;
				CLANG_ENABLE_OBJC_WEAK = YES;
				CLANG_WARN_BLOCK_CAPTURE_AUTORELEASING = YES;
				CLANG_WARN_BOOL_CONVERSION = YES;
				CLANG_WARN_COMMA = YES;
				CLANG_WARN_CONSTANT_CONVERSION = YES;
				CLANG_WARN_DEPRECATED_OBJC_IMPLEMENTATIONS = YES;
				CLANG_WARN_DIRECT_OBJC_ISA_USAGE = YES_ERROR;
				CLANG_WARN_DOCUMENTATION_COMMENTS = YES;
				CLANG_WARN_EMPTY_BODY = YES;
				CLANG_WARN_ENUM_CONVERSION = YES;
				CLANG_WARN_INFINITE_RECURSION = YES;
				CLANG_WARN_INT_CONVERSION = YES;
				CLANG_WARN_NON_LITERAL_NULL_CONVERSION = YES;
				CLANG_WARN_OBJC_IMPLICIT_RETAIN_SELF = YES;
				CLANG_WARN_OBJC_LITERAL_CONVERSION = YES;
				CLANG_WARN_OBJC_ROOT_CLASS = YES_ERROR;
				CLANG_WARN_QUOTED_INCLUDE_IN_FRAMEWORK_HEADER = YES;
				CLANG_WARN_RANGE_LOOP_ANALYSIS = YES;
				CLANG_WARN_STRICT_PROTOTYPES = YES;
				CLANG_WARN_SUSPICIOUS_MOVE = YES;
				CLANG_WARN_UNGUARDED_AVAILABILITY = YES_AGGRESSIVE;
				CLANG_WARN_UNREACHABLE_CODE = YES;
				CLANG_WARN__DUPLICATE_METHOD_MATCH = YES;
				COPY_PHASE_STRIP = NO;
				DEBUG_INFORMATION_FORMAT = "dwarf-with-dsym";
				ENABLE_NS_ASSERTIONS = NO;
				ENABLE_STRICT_OBJC_MSGSEND = YES;
				ENABLE_USER_SCRIPT_SANDBOXING = YES;
				GCC_C_LANGUAGE_STANDARD = gnu17;
				GCC_NO_COMMON_BLOCKS = YES;
				GCC_WARN_64_TO_32_BIT_CONVERSION = YES;
				GCC_WARN_ABOUT_RETURN_TYPE = YES_ERROR;
				GCC_WARN_UNDECLARED_SELECTOR = YES;
				GCC_WARN_UNINITIALIZED_AUTOS = YES_AGGRESSIVE;
				GCC_WARN_UNUSED_FUNCTION = YES;
				GCC_WARN_UNUSED_VARIABLE = YES;
				IPHONEOS_DEPLOYMENT_TARGET = 17.0;
				LOCALIZATION_PREFERS_STRING_CATALOGS = YES;
				MTL_ENABLE_DEBUG_INFO = NO;
				MTL_FAST_MATH = YES;
				SDKROOT = iphoneos;
				SWIFT_COMPILATION_MODE = wholemodule;
				VALIDATE_PRODUCT = YES;
			};
			name = Release;
		};
		EA5D86EF2C2F766600B7291E /* Debug */ = {
			isa = XCBuildConfiguration;
			buildSettings = {
				ASSETCATALOG_COMPILER_APPICON_NAME = AppIcon;
				ASSETCATALOG_COMPILER_GLOBAL_ACCENT_COLOR_NAME = AccentColor;
				CODE_SIGN_STYLE = Automatic;
				CURRENT_PROJECT_VERSION = 1;
				DEVELOPMENT_ASSET_PATHS = "\"exchange_rate_app_swift/Preview Content\"";
				DEVELOPMENT_TEAM = 85LBLH97B3;
				ENABLE_PREVIEWS = YES;
				GENERATE_INFOPLIST_FILE = YES;
				INFOPLIST_KEY_UIApplicationSceneManifest_Generation = YES;
				INFOPLIST_KEY_UIApplicationSupportsIndirectInputEvents = YES;
				INFOPLIST_KEY_UILaunchScreen_Generation = YES;
				INFOPLIST_KEY_UISupportedInterfaceOrientations_iPad = "UIInterfaceOrientationPortrait UIInterfaceOrientationPortraitUpsideDown UIInterfaceOrientationLandscapeLeft UIInterfaceOrientationLandscapeRight";
				INFOPLIST_KEY_UISupportedInterfaceOrientations_iPhone = "UIInterfaceOrientationPortrait UIInterfaceOrientationLandscapeLeft UIInterfaceOrientationLandscapeRight";
				LD_RUNPATH_SEARCH_PATHS = (
					"$(inherited)",
					"@executable_path/Frameworks",
				);
				MARKETING_VERSION = 1.0;
				PRODUCT_BUNDLE_IDENTIFIER = "com.gibatekpro.exchange-rate-app-swift";
				PRODUCT_NAME = "$(TARGET_NAME)";
				SWIFT_EMIT_LOC_STRINGS = YES;
				SWIFT_VERSION = 5.0;
				TARGETED_DEVICE_FAMILY = "1,2";
			};
			name = Debug;
		};
		EA5D86F02C2F766600B7291E /* Release */ = {
			isa = XCBuildConfiguration;
			buildSettings = {
				ASSETCATALOG_COMPILER_APPICON_NAME = AppIcon;
				ASSETCATALOG_COMPILER_GLOBAL_ACCENT_COLOR_NAME = AccentColor;
				CODE_SIGN_STYLE = Automatic;
				CURRENT_PROJECT_VERSION = 1;
				DEVELOPMENT_ASSET_PATHS = "\"exchange_rate_app_swift/Preview Content\"";
				DEVELOPMENT_TEAM = 85LBLH97B3;
				ENABLE_PREVIEWS = YES;
				GENERATE_INFOPLIST_FILE = YES;
				INFOPLIST_KEY_UIApplicationSceneManifest_Generation = YES;
				INFOPLIST_KEY_UIApplicationSupportsIndirectInputEvents = YES;
				INFOPLIST_KEY_UILaunchScreen_Generation = YES;
				INFOPLIST_KEY_UISupportedInterfaceOrientations_iPad = "UIInterfaceOrientationPortrait UIInterfaceOrientationPortraitUpsideDown UIInterfaceOrientationLandscapeLeft UIInterfaceOrientationLandscapeRight";
				INFOPLIST_KEY_UISupportedInterfaceOrientations_iPhone = "UIInterfaceOrientationPortrait UIInterfaceOrientationLandscapeLeft UIInterfaceOrientationLandscapeRight";
				LD_RUNPATH_SEARCH_PATHS = (
					"$(inherited)",
					"@executable_path/Frameworks",
				);
				MARKETING_VERSION = 1.0;
				PRODUCT_BUNDLE_IDENTIFIER = "com.gibatekpro.exchange-rate-app-swift";
				PRODUCT_NAME = "$(TARGET_NAME)";
				SWIFT_EMIT_LOC_STRINGS = YES;
				SWIFT_VERSION = 5.0;
				TARGETED_DEVICE_FAMILY = "1,2";
			};
			name = Release;
		};
		EA5D86F22C2F766600B7291E /* Debug */ = {
			isa = XCBuildConfiguration;
			buildSettings = {
				ALWAYS_EMBED_SWIFT_STANDARD_LIBRARIES = YES;
				BUNDLE_LOADER = "$(TEST_HOST)";
				CODE_SIGN_STYLE = Automatic;
				CURRENT_PROJECT_VERSION = 1;
				DEVELOPMENT_TEAM = 85LBLH97B3;
				GENERATE_INFOPLIST_FILE = YES;
				IPHONEOS_DEPLOYMENT_TARGET = 17.0;
				MARKETING_VERSION = 1.0;
				PRODUCT_BUNDLE_IDENTIFIER = "com.gibatekpro.exchange-rate-app-swiftTests";
				PRODUCT_NAME = "$(TARGET_NAME)";
				SWIFT_EMIT_LOC_STRINGS = NO;
				SWIFT_VERSION = 5.0;
				TARGETED_DEVICE_FAMILY = "1,2";
				TEST_HOST = "$(BUILT_PRODUCTS_DIR)/exchange_rate_app_swift.app/$(BUNDLE_EXECUTABLE_FOLDER_PATH)/exchange_rate_app_swift";
			};
			name = Debug;
		};
		EA5D86F32C2F766600B7291E /* Release */ = {
			isa = XCBuildConfiguration;
			buildSettings = {
				ALWAYS_EMBED_SWIFT_STANDARD_LIBRARIES = YES;
				BUNDLE_LOADER = "$(TEST_HOST)";
				CODE_SIGN_STYLE = Automatic;
				CURRENT_PROJECT_VERSION = 1;
				DEVELOPMENT_TEAM = 85LBLH97B3;
				GENERATE_INFOPLIST_FILE = YES;
				IPHONEOS_DEPLOYMENT_TARGET = 17.0;
				MARKETING_VERSION = 1.0;
				PRODUCT_BUNDLE_IDENTIFIER = "com.gibatekpro.exchange-rate-app-swiftTests";
				PRODUCT_NAME = "$(TARGET_NAME)";
				SWIFT_EMIT_LOC_STRINGS = NO;
				SWIFT_VERSION = 5.0;
				TARGETED_DEVICE_FAMILY = "1,2";
				TEST_HOST = "$(BUILT_PRODUCTS_DIR)/exchange_rate_app_swift.app/$(BUNDLE_EXECUTABLE_FOLDER_PATH)/exchange_rate_app_swift";
			};
			name = Release;
		};
		EA5D86F52C2F766600B7291E /* Debug */ = {
			isa = XCBuildConfiguration;
			buildSettings = {
				ALWAYS_EMBED_SWIFT_STANDARD_LIBRARIES = YES;
				CODE_SIGN_STYLE = Automatic;
				CURRENT_PROJECT_VERSION = 1;
				DEVELOPMENT_TEAM = 85LBLH97B3;
				GENERATE_INFOPLIST_FILE = YES;
				MARKETING_VERSION = 1.0;
				PRODUCT_BUNDLE_IDENTIFIER = "com.gibatekpro.exchange-rate-app-swiftUITests";
				PRODUCT_NAME = "$(TARGET_NAME)";
				SWIFT_EMIT_LOC_STRINGS = NO;
				SWIFT_VERSION = 5.0;
				TARGETED_DEVICE_FAMILY = "1,2";
				TEST_TARGET_NAME = exchange_rate_app_swift;
			};
			name = Debug;
		};
		EA5D86F62C2F766600B7291E /* Release */ = {
			isa = XCBuildConfiguration;
			buildSettings = {
				ALWAYS_EMBED_SWIFT_STANDARD_LIBRARIES = YES;
				CODE_SIGN_STYLE = Automatic;
				CURRENT_PROJECT_VERSION = 1;
				DEVELOPMENT_TEAM = 85LBLH97B3;
				GENERATE_INFOPLIST_FILE = YES;
				MARKETING_VERSION = 1.0;
				PRODUCT_BUNDLE_IDENTIFIER = "com.gibatekpro.exchange-rate-app-swiftUITests";
				PRODUCT_NAME = "$(TARGET_NAME)";
				SWIFT_EMIT_LOC_STRINGS = NO;
				SWIFT_VERSION = 5.0;
				TARGETED_DEVICE_FAMILY = "1,2";
				TEST_TARGET_NAME = exchange_rate_app_swift;
			};
			name = Release;
		};
/* End XCBuildConfiguration section */

/* Begin XCConfigurationList section */
		EA5D86C52C2F766400B7291E /* Build configuration list for PBXProject "exchange_rate_app_swift" */ = {
			isa = XCConfigurationList;
			buildConfigurations = (
				EA5D86EC2C2F766600B7291E /* Debug */,
				EA5D86ED2C2F766600B7291E /* Release */,
			);
			defaultConfigurationIsVisible = 0;
			defaultConfigurationName = Release;
		};
		EA5D86EE2C2F766600B7291E /* Build configuration list for PBXNativeTarget "exchange_rate_app_swift" */ = {
			isa = XCConfigurationList;
			buildConfigurations = (
				EA5D86EF2C2F766600B7291E /* Debug */,
				EA5D86F02C2F766600B7291E /* Release */,
			);
			defaultConfigurationIsVisible = 0;
			defaultConfigurationName = Release;
		};
		EA5D86F12C2F766600B7291E /* Build configuration list for PBXNativeTarget "exchange_rate_app_swiftTests" */ = {
			isa = XCConfigurationList;
			buildConfigurations = (
				EA5D86F22C2F766600B7291E /* Debug */,
				EA5D86F32C2F766600B7291E /* Release */,
			);
			defaultConfigurationIsVisible = 0;
			defaultConfigurationName = Release;
		};
		EA5D86F42C2F766600B7291E /* Build configuration list for PBXNativeTarget "exchange_rate_app_swiftUITests" */ = {
			isa = XCConfigurationList;
			buildConfigurations = (
				EA5D86F52C2F766600B7291E /* Debug */,
				EA5D86F62C2F766600B7291E /* Release */,
			);
			defaultConfigurationIsVisible = 0;
			defaultConfigurationName = Release;
		};
/* End XCConfigurationList section */

/* Begin XCRemoteSwiftPackageReference section */
		EA32C6B92C690F7200CF9A46 /* XCRemoteSwiftPackageReference "firebase-ios-sdk" */ = {
			isa = XCRemoteSwiftPackageReference;
			repositoryURL = "https://github.com/firebase/firebase-ios-sdk.git";
			requirement = {
				kind = upToNextMajorVersion;
				minimumVersion = 11.0.0;
			};
		};
/* End XCRemoteSwiftPackageReference section */

/* Begin XCSwiftPackageProductDependency section */
		EA32C6BB2C69130700CF9A46 /* FirebaseAppCheck */ = {
			isa = XCSwiftPackageProductDependency;
			package = EA32C6B92C690F7200CF9A46 /* XCRemoteSwiftPackageReference "firebase-ios-sdk" */;
			productName = FirebaseAppCheck;
		};
		EA32C6BD2C69130700CF9A46 /* FirebaseAuth */ = {
			isa = XCSwiftPackageProductDependency;
			package = EA32C6B92C690F7200CF9A46 /* XCRemoteSwiftPackageReference "firebase-ios-sdk" */;
			productName = FirebaseAuth;
		};
/* End XCSwiftPackageProductDependency section */
	};
	rootObject = EA5D86C22C2F766400B7291E /* Project object */;
}
